
Microsoft Visual Studio Solution File, Format Version 12.00
# Visual Studio Version 17
VisualStudioVersion = 17.1.32228.430
MinimumVisualStudioVersion = 10.0.40219.1
Project("{FAE04EC0-301F-11D3-BF4B-00C04F79EFBC}") = "01 - ByteBank", "01 - ByteBank\01 - ByteBank.csproj", "{672B26EB-B8BF-43BC-B077-E37D5B6322E4}"
EndProject
Project("{FAE04EC0-301F-11D3-BF4B-00C04F79EFBC}") = "02- ByteBank", "02- ByteBank\02- ByteBank.csproj", "{042D1F9A-EC46-4616-8050-3BC9F9401465}"
EndProject
Project("{FAE04EC0-301F-11D3-BF4B-00C04F79EFBC}") = "03 - ByteBank objeto e referencia", "03 - ByteBank\03 - ByteBank objeto e referencia.csproj", "{6401953C-43AC-41F9-A5AA-7757DF53DCFA}"
EndProject
Project("{FAE04EC0-301F-11D3-BF4B-00C04F79EFBC}") = "01 - exercicio ByteBank", "01 - exercicio ByteBank\01 - exercicio ByteBank.csproj", "{59DB23C8-BF0B-4EC6-B178-91586FFBDE27}"
EndProject
Project("{FAE04EC0-301F-11D3-BF4B-00C04F79EFBC}") = "04 - ByteBank_Metodos", "04 - ByteBank_Metodos\04 - ByteBank_Metodos.csproj", "{14ED70AE-7CF6-4F76-9481-000288CA4BE8}"
EndProject
Project("{FAE04EC0-301F-11D3-BF4B-00C04F79EFBC}") = "05-ByteBank", "05-ByteBank\05-ByteBank.csproj", "{B164F09F-1EA6-4884-88B7-9D1381181067}"
EndProject
Project("{FAE04EC0-301F-11D3-BF4B-00C04F79EFBC}") = "06 - ByteBank", "06 - ByteBank\06 - ByteBank.csproj", "{F9E72C65-2CD3-4DAE-AD23-2E86A7542B8A}"
EndProject
Global
	GlobalSection(SolutionConfigurationPlatforms) = preSolution
		Debug|Any CPU = Debug|Any CPU
		Release|Any CPU = Release|Any CPU
	EndGlobalSection
	GlobalSection(ProjectConfigurationPlatforms) = postSolution
		{672B26EB-B8BF-43BC-B077-E37D5B6322E4}.Debug|Any CPU.ActiveCfg = Debug|Any CPU
		{672B26EB-B8BF-43BC-B077-E37D5B6322E4}.Debug|Any CPU.Build.0 = Debug|Any CPU
		{672B26EB-B8BF-43BC-B077-E37D5B6322E4}.Release|Any CPU.ActiveCfg = Release|Any CPU
		{672B26EB-B8BF-43BC-B077-E37D5B6322E4}.Release|Any CPU.Build.0 = Release|Any CPU
		{042D1F9A-EC46-4616-8050-3BC9F9401465}.Debug|Any CPU.ActiveCfg = Debug|Any CPU
		{042D1F9A-EC46-4616-8050-3BC9F9401465}.Debug|Any CPU.Build.0 = Debug|Any CPU
		{042D1F9A-EC46-4616-8050-3BC9F9401465}.Release|Any CPU.ActiveCfg = Release|Any CPU
		{042D1F9A-EC46-4616-8050-3BC9F9401465}.Release|Any CPU.Build.0 = Release|Any CPU
		{6401953C-43AC-41F9-A5AA-7757DF53DCFA}.Debug|Any CPU.ActiveCfg = Debug|Any CPU
		{6401953C-43AC-41F9-A5AA-7757DF53DCFA}.Debug|Any CPU.Build.0 = Debug|Any CPU
		{6401953C-43AC-41F9-A5AA-7757DF53DCFA}.Release|Any CPU.ActiveCfg = Release|Any CPU
		{6401953C-43AC-41F9-A5AA-7757DF53DCFA}.Release|Any CPU.Build.0 = Release|Any CPU
		{59DB23C8-BF0B-4EC6-B178-91586FFBDE27}.Debug|Any CPU.ActiveCfg = Debug|Any CPU
		{59DB23C8-BF0B-4EC6-B178-91586FFBDE27}.Debug|Any CPU.Build.0 = Debug|Any CPU
		{59DB23C8-BF0B-4EC6-B178-91586FFBDE27}.Release|Any CPU.ActiveCfg = Release|Any CPU
		{59DB23C8-BF0B-4EC6-B178-91586FFBDE27}.Release|Any CPU.Build.0 = Release|Any CPU
		{14ED70AE-7CF6-4F76-9481-000288CA4BE8}.Debug|Any CPU.ActiveCfg = Debug|Any CPU
		{14ED70AE-7CF6-4F76-9481-000288CA4BE8}.Debug|Any CPU.Build.0 = Debug|Any CPU
		{14ED70AE-7CF6-4F76-9481-000288CA4BE8}.Release|Any CPU.ActiveCfg = Release|Any CPU
		{14ED70AE-7CF6-4F76-9481-000288CA4BE8}.Release|Any CPU.Build.0 = Release|Any CPU
		{B164F09F-1EA6-4884-88B7-9D1381181067}.Debug|Any CPU.ActiveCfg = Debug|Any CPU
		{B164F09F-1EA6-4884-88B7-9D1381181067}.Debug|Any CPU.Build.0 = Debug|Any CPU
		{B164F09F-1EA6-4884-88B7-9D1381181067}.Release|Any CPU.ActiveCfg = Release|Any CPU
		{B164F09F-1EA6-4884-88B7-9D1381181067}.Release|Any CPU.Build.0 = Release|Any CPU
		{F9E72C65-2CD3-4DAE-AD23-2E86A7542B8A}.Debug|Any CPU.ActiveCfg = Debug|Any CPU
		{F9E72C65-2CD3-4DAE-AD23-2E86A7542B8A}.Debug|Any CPU.Build.0 = Debug|Any CPU
		{F9E72C65-2CD3-4DAE-AD23-2E86A7542B8A}.Release|Any CPU.ActiveCfg = Release|Any CPU
		{F9E72C65-2CD3-4DAE-AD23-2E86A7542B8A}.Release|Any CPU.Build.0 = Release|Any CPU
	EndGlobalSection
	GlobalSection(SolutionProperties) = preSolution
		HideSolutionNode = FALSE
	EndGlobalSection
	GlobalSection(ExtensibilityGlobals) = postSolution
		SolutionGuid = {B8C17D23-FE02-48D4-B073-9C1D57458C02}
	EndGlobalSection
EndGlobal
